
Microsoft Visual Studio Solution File, Format Version 12.00
# Visual Studio 14
VisualStudioVersion = 14.0.24720.0
MinimumVisualStudioVersion = 10.0.40219.1
Project("{FAE04EC0-301F-11D3-BF4B-00C04F79EFBC}") = "TaskProcess.MS.UI", "TaskProcess.MS.UI\TaskProcess.MS.UI.csproj", "{EA36ADD9-3FB9-4E52-A833-D7CF95B2F6DF}"
EndProject
Project("{FAE04EC0-301F-11D3-BF4B-00C04F79EFBC}") = "MS.Common", "MS.Common\MS.Common.csproj", "{3FA409BA-4B37-4111-B8BC-A6DBC63EB607}"
EndProject
Project("{FAE04EC0-301F-11D3-BF4B-00C04F79EFBC}") = "TaskProcess.MS.Model", "TaskProcess.MS.Model\TaskProcess.MS.Model.csproj", "{DEF5C74C-5464-4198-8746-D8588CD091DB}"
EndProject
Global
	GlobalSection(SolutionConfigurationPlatforms) = preSolution
		Debug|Any CPU = Debug|Any CPU
		Release|Any CPU = Release|Any CPU
	EndGlobalSection
	GlobalSection(ProjectConfigurationPlatforms) = postSolution
		{EA36ADD9-3FB9-4E52-A833-D7CF95B2F6DF}.Debug|Any CPU.ActiveCfg = Debug|Any CPU
		{EA36ADD9-3FB9-4E52-A833-D7CF95B2F6DF}.Debug|Any CPU.Build.0 = Debug|Any CPU
		{EA36ADD9-3FB9-4E52-A833-D7CF95B2F6DF}.Release|Any CPU.ActiveCfg = Release|Any CPU
		{EA36ADD9-3FB9-4E52-A833-D7CF95B2F6DF}.Release|Any CPU.Build.0 = Release|Any CPU
		{3FA409BA-4B37-4111-B8BC-A6DBC63EB607}.Debug|Any CPU.ActiveCfg = Debug|Any CPU
		{3FA409BA-4B37-4111-B8BC-A6DBC63EB607}.Debug|Any CPU.Build.0 = Debug|Any CPU
		{3FA409BA-4B37-4111-B8BC-A6DBC63EB607}.Release|Any CPU.ActiveCfg = Release|Any CPU
		{3FA409BA-4B37-4111-B8BC-A6DBC63EB607}.Release|Any CPU.Build.0 = Release|Any CPU
		{DEF5C74C-5464-4198-8746-D8588CD091DB}.Debug|Any CPU.ActiveCfg = Debug|Any CPU
		{DEF5C74C-5464-4198-8746-D8588CD091DB}.Debug|Any CPU.Build.0 = Debug|Any CPU
		{DEF5C74C-5464-4198-8746-D8588CD091DB}.Release|Any CPU.ActiveCfg = Release|Any CPU
		{DEF5C74C-5464-4198-8746-D8588CD091DB}.Release|Any CPU.Build.0 = Release|Any CPU
	EndGlobalSection
	GlobalSection(SolutionProperties) = preSolution
		HideSolutionNode = FALSE
	EndGlobalSection
EndGlobal
